{
  "object" : {
    "pins" : [
      {
        "package" : "MSAL",
        "repositoryURL" : "https://github.com/AzureAD/microsoft-authentication-library-for-objc",
        "state" : {
          "branch" : null,
          "revision" : "19c3c7d48c9fa73f9ef6384b53c1e9da53c07dd0",
          "version" : "2.12.1"
        }
      }
    ]
  },
  "version" : 1
}
