{
  "object" : {
    "pins" : [
      {
        "package" : "MSAL",
        "repositoryURL" : "https://github.com/AzureAD/microsoft-authentication-library-for-objc",
        "state" : {
          "branch" : null,
          "revision" : "856a252c77b5d92fd3f2352497c96a9bed15ba4e",
          "version" : "2.13.0"
        }
      }
    ]
  },
  "version" : 1
}
