{
  "object": {
    "pins": [
      {
        "package": "MSAL",
        "repositoryURL": "https://github.com/AzureAD/microsoft-authentication-library-for-objc",
        "state": {
          "branch": null,
          "revision": "2825c3f72bf51f8be43df7177fe1c66370be2d0e",
          "version": "1.2.0"
        }
      }
    ]
  },
  "version": 1
}
